
Microsoft Visual Studio Solution File, Format Version 12.00
# Visual Studio Version 17
VisualStudioVersion = 17.6.33829.357
MinimumVisualStudioVersion = 10.0.40219.1
Project("{FAE04EC0-301F-11D3-BF4B-00C04F79EFBC}") = "Problem Solving Task", "Problem Solving Task\Problem Solving Task.csproj", "{D8E184C0-83B1-4165-B926-9DF3E8CF3580}"
EndProject
Global
	GlobalSection(SolutionConfigurationPlatforms) = preSolution
		Debug|Any CPU = Debug|Any CPU
		Release|Any CPU = Release|Any CPU
	EndGlobalSection
	GlobalSection(ProjectConfigurationPlatforms) = postSolution
		{D8E184C0-83B1-4165-B926-9DF3E8CF3580}.Debug|Any CPU.ActiveCfg = Debug|Any CPU
		{D8E184C0-83B1-4165-B926-9DF3E8CF3580}.Debug|Any CPU.Build.0 = Debug|Any CPU
		{D8E184C0-83B1-4165-B926-9DF3E8CF3580}.Release|Any CPU.ActiveCfg = Release|Any CPU
		{D8E184C0-83B1-4165-B926-9DF3E8CF3580}.Release|Any CPU.Build.0 = Release|Any CPU
	EndGlobalSection
	GlobalSection(SolutionProperties) = preSolution
		HideSolutionNode = FALSE
	EndGlobalSection
	GlobalSection(ExtensibilityGlobals) = postSolution
		SolutionGuid = {4A3E30A2-673C-40FB-BB85-009C6E132614}
	EndGlobalSection
EndGlobal
